# THIS IS AN AUTOGENERATED FILE. DO NOT EDIT THIS FILE DIRECTLY.
# yarn lockfile v1


mvdan-sh@^0.5.0:
  version "0.5.0"
  resolved "https://registry.yarnpkg.com/mvdan-sh/-/mvdan-sh-0.5.0.tgz#fa76f611a103595ad0f04f5d18e582892c46e87c"
  integrity sha512-UWbdl4LHd2fUnaEcOUFVWRdWGLkNoV12cKVIPiirYd8qM5VkCoCTXErlDubevrkEG7kGohvjRxAlTQmOqG80tw==

prettier-plugin-sh@^0.6.1:
  version "0.6.1"
  resolved "https://registry.yarnpkg.com/prettier-plugin-sh/-/prettier-plugin-sh-0.6.1.tgz#094d1d190f0d8a53bfd522a68f17a95ca741047d"
  integrity sha512-Weelg53FBb1Z5Q1/GpQIb4s//BdhmPAABjJfe6VTQ3m8upQjM36sVVboNOUVvYn3K+LMwzW4vkxhqLQ+vvfBKQ==
  dependencies:
    mvdan-sh "^0.5.0"

prettier@^2.3.1:
  version "2.3.1"
  resolved "https://registry.yarnpkg.com/prettier/-/prettier-2.3.1.tgz#76903c3f8c4449bc9ac597acefa24dc5ad4cbea6"
  integrity sha512-p+vNbgpLjif/+D+DwAZAbndtRrR0md0MwfmOVN9N+2RgyACMT+7tfaRnT+WDPkqnuVwleyuBIG2XBxKDme3hPA==
